// !$*UTF8*$!
{
	archiveVersion = 1;
	classes = {
	};
	objectVersion = 46;
	objects = {

/* Begin PBXBuildFile section */
		608664021DA9FF8C00B05D90 /* AppDelegate.swift in Sources */ = {isa = PBXBuildFile; fileRef = 608664011DA9FF8C00B05D90 /* AppDelegate.swift */; };
		608664041DA9FF8C00B05D90 /* ViewController.swift in Sources */ = {isa = PBXBuildFile; fileRef = 608664031DA9FF8C00B05D90 /* ViewController.swift */; };
		608664071DA9FF8C00B05D90 /* Main.storyboard in Resources */ = {isa = PBXBuildFile; fileRef = 608664051DA9FF8C00B05D90 /* Main.storyboard */; };
		6086640A1DA9FF8C00B05D90 /* Proyecto_Final.xcdatamodeld in Sources */ = {isa = PBXBuildFile; fileRef = 608664081DA9FF8C00B05D90 /* Proyecto_Final.xcdatamodeld */; };
		6086640C1DA9FF8C00B05D90 /* Assets.xcassets in Resources */ = {isa = PBXBuildFile; fileRef = 6086640B1DA9FF8C00B05D90 /* Assets.xcassets */; };
		6086640F1DA9FF8C00B05D90 /* LaunchScreen.storyboard in Resources */ = {isa = PBXBuildFile; fileRef = 6086640D1DA9FF8C00B05D90 /* LaunchScreen.storyboard */; };
/* End PBXBuildFile section */

/* Begin PBXFileReference section */
		608663FE1DA9FF8C00B05D90 /* Proyecto Final.app */ = {isa = PBXFileReference; explicitFileType = wrapper.application; includeInIndex = 0; path = "Proyecto Final.app"; sourceTree = BUILT_PRODUCTS_DIR; };
		608664011DA9FF8C00B05D90 /* AppDelegate.swift */ = {isa = PBXFileReference; lastKnownFileType = sourcecode.swift; path = AppDelegate.swift; sourceTree = "<group>"; };
		608664031DA9FF8C00B05D90 /* ViewController.swift */ = {isa = PBXFileReference; lastKnownFileType = sourcecode.swift; path = ViewController.swift; sourceTree = "<group>"; };
		608664061DA9FF8C00B05D90 /* Base */ = {isa = PBXFileReference; lastKnownFileType = file.storyboard; name = Base; path = Base.lproj/Main.storyboard; sourceTree = "<group>"; };
		608664091DA9FF8C00B05D90 /* Proyecto_Final.xcdatamodel */ = {isa = PBXFileReference; lastKnownFileType = wrapper.xcdatamodel; path = Proyecto_Final.xcdatamodel; sourceTree = "<group>"; };
		6086640B1DA9FF8C00B05D90 /* Assets.xcassets */ = {isa = PBXFileReference; lastKnownFileType = folder.assetcatalog; path = Assets.xcassets; sourceTree = "<group>"; };
		6086640E1DA9FF8C00B05D90 /* Base */ = {isa = PBXFileReference; lastKnownFileType = file.storyboard; name = Base; path = Base.lproj/LaunchScreen.storyboard; sourceTree = "<group>"; };
		608664101DA9FF8C00B05D90 /* Info.plist */ = {isa = PBXFileReference; lastKnownFileType = text.plist.xml; path = Info.plist; sourceTree = "<group>"; };
/* End PBXFileReference section */

/* Begin PBXFrameworksBuildPhase section */
		608663FB1DA9FF8B00B05D90 /* Frameworks */ = {
			isa = PBXFrameworksBuildPhase;
			buildActionMask = 2147483647;
			files = (
			);
			runOnlyForDeploymentPostprocessing = 0;
		};
/* End PBXFrameworksBuildPhase section */

/* Begin PBXGroup section */
		608663F51DA9FF8B00B05D90 = {
			isa = PBXGroup;
			children = (
				608664001DA9FF8C00B05D90 /* Proyecto Final */,
				608663FF1DA9FF8C00B05D90 /* Products */,
			);
			sourceTree = "<group>";
		};
		608663FF1DA9FF8C00B05D90 /* Products */ = {
			isa = PBXGroup;
			children = (
				608663FE1DA9FF8C00B05D90 /* Proyecto Final.app */,
			);
			name = Products;
			sourceTree = "<group>";
		};
		608664001DA9FF8C00B05D90 /* Proyecto Final */ = {
			isa = PBXGroup;
			children = (
				608664011DA9FF8C00B05D90 /* AppDelegate.swift */,
				608664031DA9FF8C00B05D90 /* ViewController.swift */,
				608664051DA9FF8C00B05D90 /* Main.storyboard */,
				6086640B1DA9FF8C00B05D90 /* Assets.xcassets */,
				6086640D1DA9FF8C00B05D90 /* LaunchScreen.storyboard */,
				608664101DA9FF8C00B05D90 /* Info.plist */,
				608664081DA9FF8C00B05D90 /* Proyecto_Final.xcdatamodeld */,
			);
			path = "Proyecto Final";
			sourceTree = "<group>";
		};
/* End PBXGroup section */

/* Begin PBXNativeTarget section */
		608663FD1DA9FF8B00B05D90 /* Proyecto Final */ = {
			isa = PBXNativeTarget;
			buildConfigurationList = 608664131DA9FF8C00B05D90 /* Build configuration list for PBXNativeTarget "Proyecto Final" */;
			buildPhases = (
				608663FA1DA9FF8B00B05D90 /* Sources */,
				608663FB1DA9FF8B00B05D90 /* Frameworks */,
				608663FC1DA9FF8B00B05D90 /* Resources */,
			);
			buildRules = (
			);
			dependencies = (
			);
			name = "Proyecto Final";
			productName = "Proyecto Final";
			productReference = 608663FE1DA9FF8C00B05D90 /* Proyecto Final.app */;
			productType = "com.apple.product-type.application";
		};
/* End PBXNativeTarget section */

/* Begin PBXProject section */
		608663F61DA9FF8B00B05D90 /* Project object */ = {
			isa = PBXProject;
			attributes = {
				LastSwiftUpdateCheck = 0730;
				LastUpgradeCheck = 0730;
				ORGANIZATIONNAME = ERM;
				TargetAttributes = {
					608663FD1DA9FF8B00B05D90 = {
						CreatedOnToolsVersion = 7.3;
					};
				};
			};
			buildConfigurationList = 608663F91DA9FF8B00B05D90 /* Build configuration list for PBXProject "Proyecto Final" */;
			compatibilityVersion = "Xcode 3.2";
			developmentRegion = English;
			hasScannedForEncodings = 0;
			knownRegions = (
				en,
				Base,
			);
			mainGroup = 608663F51DA9FF8B00B05D90;
			productRefGroup = 608663FF1DA9FF8C00B05D90 /* Products */;
			projectDirPath = "";
			projectRoot = "";
			targets = (
				608663FD1DA9FF8B00B05D90 /* Proyecto Final */,
			);
		};
/* End PBXProject section */

/* Begin PBXResourcesBuildPhase section */
		608663FC1DA9FF8B00B05D90 /* Resources */ = {
			isa = PBXResourcesBuildPhase;
			buildActionMask = 2147483647;
			files = (
				6086640F1DA9FF8C00B05D90 /* LaunchScreen.storyboard in Resources */,
				6086640C1DA9FF8C00B05D90 /* Assets.xcassets in Resources */,
				608664071DA9FF8C00B05D90 /* Main.storyboard in Resources */,
			);
			runOnlyForDeploymentPostprocessing = 0;
		};
/* End PBXResourcesBuildPhase section */

/* Begin PBXSourcesBuildPhase section */
		608663FA1DA9FF8B00B05D90 /* Sources */ = {
			isa = PBXSourcesBuildPhase;
			buildActionMask = 2147483647;
			files = (
				608664041DA9FF8C00B05D90 /* ViewController.swift in Sources */,
				6086640A1DA9FF8C00B05D90 /* Proyecto_Final.xcdatamodeld in Sources */,
				608664021DA9FF8C00B05D90 /* AppDelegate.swift in Sources */,
			);
			runOnlyForDeploymentPostprocessing = 0;
		};
/* End PBXSourcesBuildPhase section */

/* Begin PBXVariantGroup section */
		608664051DA9FF8C00B05D90 /* Main.storyboard */ = {
			isa = PBXVariantGroup;
			children = (
				608664061DA9FF8C00B05D90 /* Base */,
			);
			name = Main.storyboard;
			sourceTree = "<group>";
		};
		6086640D1DA9FF8C00B05D90 /* LaunchScreen.storyboard */ = {
			isa = PBXVariantGroup;
			children = (
				6086640E1DA9FF8C00B05D90 /* Base */,
			);
			name = LaunchScreen.storyboard;
			sourceTree = "<group>";
		};
/* End PBXVariantGroup section */

/* Begin XCBuildConfiguration section */
		608664111DA9FF8C00B05D90 /* Debug */ = {
			isa = XCBuildConfiguration;
			buildSettings = {
				ALWAYS_SEARCH_USER_PATHS = NO;
				CLANG_ANALYZER_NONNULL = YES;
				CLANG_CXX_LANGUAGE_STANDARD = "gnu++0x";
				CLANG_CXX_LIBRARY = "libc++";
				CLANG_ENABLE_MODULES = YES;
				CLANG_ENABLE_OBJC_ARC = YES;
				CLANG_WARN_BOOL_CONVERSION = YES;
				CLANG_WARN_CONSTANT_CONVERSION = YES;
				CLANG_WARN_DIRECT_OBJC_ISA_USAGE = YES_ERROR;
				CLANG_WARN_EMPTY_BODY = YES;
				CLANG_WARN_ENUM_CONVERSION = YES;
				CLANG_WARN_INT_CONVERSION = YES;
				CLANG_WARN_OBJC_ROOT_CLASS = YES_ERROR;
				CLANG_WARN_UNREACHABLE_CODE = YES;
				CLANG_WARN__DUPLICATE_METHOD_MATCH = YES;
				"CODE_SIGN_IDENTITY[sdk=iphoneos*]" = "iPhone Developer";
				COPY_PHASE_STRIP = NO;
				DEBUG_INFORMATION_FORMAT = dwarf;
				ENABLE_STRICT_OBJC_MSGSEND = YES;
				ENABLE_TESTABILITY = YES;
				GCC_C_LANGUAGE_STANDARD = gnu99;
				GCC_DYNAMIC_NO_PIC = NO;
				GCC_NO_COMMON_BLOCKS = YES;
				GCC_OPTIMIZATION_LEVEL = 0;
				GCC_PREPROCESSOR_DEFINITIONS = (
					"DEBUG=1",
					"$(inherited)",
				);
				GCC_WARN_64_TO_32_BIT_CONVERSION = YES;
				GCC_WARN_ABOUT_RETURN_TYPE = YES_ERROR;
				GCC_WARN_UNDECLARED_SELECTOR = YES;
				GCC_WARN_UNINITIALIZED_AUTOS = YES_AGGRESSIVE;
				GCC_WARN_UNUSED_FUNCTION = YES;
				GCC_WARN_UNUSED_VARIABLE = YES;
				IPHONEOS_DEPLOYMENT_TARGET = 9.3;
				MTL_ENABLE_DEBUG_INFO = YES;
				ONLY_ACTIVE_ARCH = YES;
				SDKROOT = iphoneos;
				SWIFT_OPTIMIZATION_LEVEL = "-Onone";
			};
			name = Debug;
		};
		608664121DA9FF8C00B05D90 /* Release */ = {
			isa = XCBuildConfiguration;
			buildSettings = {
				ALWAYS_SEARCH_USER_PATHS = NO;
				CLANG_ANALYZER_NONNULL = YES;
				CLANG_CXX_LANGUAGE_STANDARD = "gnu++0x";
				CLANG_CXX_LIBRARY = "libc++";
				CLANG_ENABLE_MODULES = YES;
				CLANG_ENABLE_OBJC_ARC = YES;
				CLANG_WARN_BOOL_CONVERSION = YES;
				CLANG_WARN_CONSTANT_CONVERSION = YES;
				CLANG_WARN_DIRECT_OBJC_ISA_USAGE = YES_ERROR;
				CLANG_WARN_EMPTY_BODY = YES;
				CLANG_WARN_ENUM_CONVERSION = YES;
				CLANG_WARN_INT_CONVERSION = YES;
				CLANG_WARN_OBJC_ROOT_CLASS = YES_ERROR;
				CLANG_WARN_UNREACHABLE_CODE = YES;
				CLANG_WARN__DUPLICATE_METHOD_MATCH = YES;
				"CODE_SIGN_IDENTITY[sdk=iphoneos*]" = "iPhone Developer";
				COPY_PHASE_STRIP = NO;
				DEBUG_INFORMATION_FORMAT = "dwarf-with-dsym";
				ENABLE_NS_ASSERTIONS = NO;
				ENABLE_STRICT_OBJC_MSGSEND = YES;
				GCC_C_LANGUAGE_STANDARD = gnu99;
				GCC_NO_COMMON_BLOCKS = YES;
				GCC_WARN_64_TO_32_BIT_CONVERSION = YES;
				GCC_WARN_ABOUT_RETURN_TYPE = YES_ERROR;
				GCC_WARN_UNDECLARED_SELECTOR = YES;
				GCC_WARN_UNINITIALIZED_AUTOS = YES_AGGRESSIVE;
				GCC_WARN_UNUSED_FUNCTION = YES;
				GCC_WARN_UNUSED_VARIABLE = YES;
				IPHONEOS_DEPLOYMENT_TARGET = 9.3;
				MTL_ENABLE_DEBUG_INFO = NO;
				SDKROOT = iphoneos;
				VALIDATE_PRODUCT = YES;
			};
			name = Release;
		};
		608664141DA9FF8C00B05D90 /* Debug */ = {
			isa = XCBuildConfiguration;
			buildSettings = {
				ASSETCATALOG_COMPILER_APPICON_NAME = AppIcon;
				INFOPLIST_FILE = "Proyecto Final/Info.plist";
				LD_RUNPATH_SEARCH_PATHS = "$(inherited) @executable_path/Frameworks";
				PRODUCT_BUNDLE_IDENTIFIER = "com.ERM.Proyecto-Final";
				PRODUCT_NAME = "$(TARGET_NAME)";
			};
			name = Debug;
		};
		608664151DA9FF8C00B05D90 /* Release */ = {
			isa = XCBuildConfiguration;
			buildSettings = {
				ASSETCATALOG_COMPILER_APPICON_NAME = AppIcon;
				INFOPLIST_FILE = "Proyecto Final/Info.plist";
				LD_RUNPATH_SEARCH_PATHS = "$(inherited) @executable_path/Frameworks";
				PRODUCT_BUNDLE_IDENTIFIER = "com.ERM.Proyecto-Final";
				PRODUCT_NAME = "$(TARGET_NAME)";
			};
			name = Release;
		};
/* End XCBuildConfiguration section */

/* Begin XCConfigurationList section */
		608663F91DA9FF8B00B05D90 /* Build configuration list for PBXProject "Proyecto Final" */ = {
			isa = XCConfigurationList;
			buildConfigurations = (
				608664111DA9FF8C00B05D90 /* Debug */,
				608664121DA9FF8C00B05D90 /* Release */,
			);
			defaultConfigurationIsVisible = 0;
			defaultConfigurationName = Release;
		};
		608664131DA9FF8C00B05D90 /* Build configuration list for PBXNativeTarget "Proyecto Final" */ = {
			isa = XCConfigurationList;
			buildConfigurations = (
				608664141DA9FF8C00B05D90 /* Debug */,
				608664151DA9FF8C00B05D90 /* Release */,
			);
			defaultConfigurationIsVisible = 0;
		};
/* End XCConfigurationList section */

/* Begin XCVersionGroup section */
		608664081DA9FF8C00B05D90 /* Proyecto_Final.xcdatamodeld */ = {
			isa = XCVersionGroup;
			children = (
				608664091DA9FF8C00B05D90 /* Proyecto_Final.xcdatamodel */,
			);
			currentVersion = 608664091DA9FF8C00B05D90 /* Proyecto_Final.xcdatamodel */;
			path = Proyecto_Final.xcdatamodeld;
			sourceTree = "<group>";
			versionGroupType = wrapper.xcdatamodel;
		};
/* End XCVersionGroup section */
	};
	rootObject = 608663F61DA9FF8B00B05D90 /* Project object */;
}
